
Microsoft Visual Studio Solution File, Format Version 12.00
# Visual Studio 15
VisualStudioVersion = 15.0.27130.2010
MinimumVisualStudioVersion = 10.0.40219.1
Project("{FAE04EC0-301F-11D3-BF4B-00C04F79EFBC}") = "Ishi", "Ishi\Ishi.csproj", "{622AA5CA-CE3C-4D37-B60A-FAC3CEF22F7D}"
EndProject
Global
	GlobalSection(SolutionConfigurationPlatforms) = preSolution
		Debug|Any CPU = Debug|Any CPU
		Release|Any CPU = Release|Any CPU
	EndGlobalSection
	GlobalSection(ProjectConfigurationPlatforms) = postSolution
		{622AA5CA-CE3C-4D37-B60A-FAC3CEF22F7D}.Debug|Any CPU.ActiveCfg = Debug|Any CPU
		{622AA5CA-CE3C-4D37-B60A-FAC3CEF22F7D}.Debug|Any CPU.Build.0 = Debug|Any CPU
		{622AA5CA-CE3C-4D37-B60A-FAC3CEF22F7D}.Release|Any CPU.ActiveCfg = Release|Any CPU
		{622AA5CA-CE3C-4D37-B60A-FAC3CEF22F7D}.Release|Any CPU.Build.0 = Release|Any CPU
	EndGlobalSection
	GlobalSection(SolutionProperties) = preSolution
		HideSolutionNode = FALSE
	EndGlobalSection
	GlobalSection(ExtensibilityGlobals) = postSolution
		SolutionGuid = {FE1D7548-C908-4384-B526-1DE2B9BB427A}
	EndGlobalSection
EndGlobal
